# This file is autogenerated, do not edit; changes may be undone by the next 'dep ensure'.


[[projects]]
  name = "github.com/blevesearch/bleve"
  packages = [
    "analysis",
    "analysis/tokenizers/character",
    "analysis/tokenizers/whitespace_tokenizer",
    "document",
    "index",
    "index/store",
    "numeric_util",
    "registry",
    "search",
    "search/highlight"
  ]
  revision = "97393d027342f43b17da2f02c090a4e728ac929f"
  version = "v0.5.0"

[[projects]]
  branch = "master"
  name = "github.com/hashicorp/go-immutable-radix"
  packages = ["."]
  revision = "7f3cd4390caab3250a57f30efdb2a65dd7649ecf"

[[projects]]
  branch = "master"
  name = "github.com/hashicorp/golang-lru"
  packages = ["simplelru"]
  revision = "0fb14efe8c47ae851c0034ed7a448854d3d34cf3"

[[projects]]
  branch = "master"
  name = "golang.org/x/net"
  packages = ["context"]
  revision = "cbe0f9307d0156177f9dd5dc85da1a31abc5f2fb"

[solve-meta]
  analyzer-name = "dep"
  analyzer-version = 1
  inputs-digest = "4324d3ce9624b37709530a617f71497fc89d8601e55a218f3d06e2fd36554b3c"
  solver-name = "gps-cdcl"
  solver-version = 1
