# This file is autogenerated, do not edit; changes may be undone by the next 'dep ensure'.


[[projects]]
  digest = "1:0deddd908b6b4b768cfc272c16ee61e7088a60f7fe2f06c547bd3d8e1f8b8e77"
  name = "github.com/davecgh/go-spew"
  packages = ["spew"]
  pruneopts = ""
  revision = "8991bc29aa16c548c550c7ff78260e27b9ab7c73"
  version = "v1.1.1"

[[projects]]
  branch = "master"
  digest = "1:c5466dfad4c14bf8e52a34b0eb98f1301acc1e304e0f0ff2c51c356ca1b86747"
  name = "github.com/hashicorp/go-immutable-radix"
  packages = ["."]
  pruneopts = ""
  revision = "27df80928bb34bb1b0d6d0e01b9e679902e7a6b5"

[[projects]]
  digest = "1:3313a63031ae281e5f6fd7b0bbca733dfa04d2429df86519e3b4d4c016ccb836"
  name = "github.com/hashicorp/golang-lru"
  packages = ["simplelru"]
  pruneopts = ""
  revision = "20f1fb78b0740ba8c3cb143a61e86ba5c8669768"
  version = "v0.5.0"

[[projects]]
  branch = "master"
  digest = "1:efe5dc8b489ccb4ba9e5266d5121e0cc029ac9900d0f36f89fc43f0e67ff71a0"
  name = "github.com/martingallagher/runes"
  packages = ["."]
  pruneopts = ""
  revision = "337c2583dafeaedb17770746d390939003c657a0"

[[projects]]
  digest = "1:256484dbbcd271f9ecebc6795b2df8cad4c458dd0f5fd82a8c2fa0c29f233411"
  name = "github.com/pmezard/go-difflib"
  packages = ["difflib"]
  pruneopts = ""
  revision = "792786c7400a136282c1664665ae0a8db921c6c2"
  version = "v1.0.0"

[[projects]]
  digest = "1:c587772fb8ad29ad4db67575dad25ba17a51f072ff18a22b4f0257a4d9c24f75"
  name = "github.com/stretchr/testify"
  packages = ["assert"]
  pruneopts = ""
  revision = "f35b8ab0b5a2cef36673838d662e249dd9c94686"
  version = "v1.2.2"

[[projects]]
  digest = "1:fcb101cb896bcfb60d004d9c65cdebd597489bb0a25f0ea063513029ac99487e"
  name = "github.com/willf/bitset"
  packages = ["."]
  pruneopts = ""
  revision = "e553b05586428962bf7058d1044519d87ca72d74"
  version = "v1.1.9"

[solve-meta]
  analyzer-name = "dep"
  analyzer-version = 1
  input-imports = [
    "github.com/hashicorp/go-immutable-radix",
    "github.com/martingallagher/runes",
    "github.com/stretchr/testify/assert",
    "github.com/willf/bitset",
  ]
  solver-name = "gps-cdcl"
  solver-version = 1
